// !$*UTF8*$!
{
	archiveVersion = 1;
	classes = {
	};
	objectVersion = 48;
	objects = {

/* Begin PBXBuildFile section */
		744BF2AB2047D848007FE23F /* AppDelegate.swift in Sources */ = {isa = PBXBuildFile; fileRef = 744BF2AA2047D848007FE23F /* AppDelegate.swift */; };
		744BF2AD2047D848007FE23F /* ViewController.swift in Sources */ = {isa = PBXBuildFile; fileRef = 744BF2AC2047D848007FE23F /* ViewController.swift */; };
		744BF2B02047D848007FE23F /* Main.storyboard in Resources */ = {isa = PBXBuildFile; fileRef = 744BF2AE2047D848007FE23F /* Main.storyboard */; };
		744BF2B22047D848007FE23F /* Assets.xcassets in Resources */ = {isa = PBXBuildFile; fileRef = 744BF2B12047D848007FE23F /* Assets.xcassets */; };
		744BF2B52047D848007FE23F /* LaunchScreen.storyboard in Resources */ = {isa = PBXBuildFile; fileRef = 744BF2B32047D848007FE23F /* LaunchScreen.storyboard */; };
		744BF2BD2047D874007FE23F /* BaseA.swift in Sources */ = {isa = PBXBuildFile; fileRef = 744BF2BC2047D874007FE23F /* BaseA.swift */; };
/* End PBXBuildFile section */

/* Begin PBXFileReference section */
		744BF2A72047D848007FE23F /* BaseA.app */ = {isa = PBXFileReference; explicitFileType = wrapper.application; includeInIndex = 0; path = BaseA.app; sourceTree = BUILT_PRODUCTS_DIR; };
		744BF2AA2047D848007FE23F /* AppDelegate.swift */ = {isa = PBXFileReference; lastKnownFileType = sourcecode.swift; path = AppDelegate.swift; sourceTree = "<group>"; };
		744BF2AC2047D848007FE23F /* ViewController.swift */ = {isa = PBXFileReference; lastKnownFileType = sourcecode.swift; path = ViewController.swift; sourceTree = "<group>"; };
		744BF2AF2047D848007FE23F /* Base */ = {isa = PBXFileReference; lastKnownFileType = file.storyboard; name = Base; path = Base.lproj/Main.storyboard; sourceTree = "<group>"; };
		744BF2B12047D848007FE23F /* Assets.xcassets */ = {isa = PBXFileReference; lastKnownFileType = folder.assetcatalog; path = Assets.xcassets; sourceTree = "<group>"; };
		744BF2B42047D848007FE23F /* Base */ = {isa = PBXFileReference; lastKnownFileType = file.storyboard; name = Base; path = Base.lproj/LaunchScreen.storyboard; sourceTree = "<group>"; };
		744BF2B62047D848007FE23F /* Info.plist */ = {isa = PBXFileReference; lastKnownFileType = text.plist.xml; path = Info.plist; sourceTree = "<group>"; };
		744BF2BC2047D874007FE23F /* BaseA.swift */ = {isa = PBXFileReference; lastKnownFileType = sourcecode.swift; path = BaseA.swift; sourceTree = "<group>"; };
/* End PBXFileReference section */

/* Begin PBXFrameworksBuildPhase section */
		744BF2A42047D848007FE23F /* Frameworks */ = {
			isa = PBXFrameworksBuildPhase;
			buildActionMask = 2147483647;
			files = (
			);
			runOnlyForDeploymentPostprocessing = 0;
		};
/* End PBXFrameworksBuildPhase section */

/* Begin PBXGroup section */
		744BF29E2047D848007FE23F = {
			isa = PBXGroup;
			children = (
				744BF2A92047D848007FE23F /* BaseA */,
				744BF2A82047D848007FE23F /* Products */,
			);
			sourceTree = "<group>";
		};
		744BF2A82047D848007FE23F /* Products */ = {
			isa = PBXGroup;
			children = (
				744BF2A72047D848007FE23F /* BaseA.app */,
			);
			name = Products;
			sourceTree = "<group>";
		};
		744BF2A92047D848007FE23F /* BaseA */ = {
			isa = PBXGroup;
			children = (
				744BF2BC2047D874007FE23F /* BaseA.swift */,
				744BF2AA2047D848007FE23F /* AppDelegate.swift */,
				744BF2AC2047D848007FE23F /* ViewController.swift */,
				744BF2AE2047D848007FE23F /* Main.storyboard */,
				744BF2B12047D848007FE23F /* Assets.xcassets */,
				744BF2B32047D848007FE23F /* LaunchScreen.storyboard */,
				744BF2B62047D848007FE23F /* Info.plist */,
			);
			path = BaseA;
			sourceTree = "<group>";
		};
/* End PBXGroup section */

/* Begin PBXNativeTarget section */
		744BF2A62047D848007FE23F /* BaseA */ = {
			isa = PBXNativeTarget;
			buildConfigurationList = 744BF2B92047D848007FE23F /* Build configuration list for PBXNativeTarget "BaseA" */;
			buildPhases = (
				744BF2A32047D848007FE23F /* Sources */,
				744BF2A42047D848007FE23F /* Frameworks */,
				744BF2A52047D848007FE23F /* Resources */,
			);
			buildRules = (
			);
			dependencies = (
			);
			name = BaseA;
			productName = BaseA;
			productReference = 744BF2A72047D848007FE23F /* BaseA.app */;
			productType = "com.apple.product-type.application";
		};
/* End PBXNativeTarget section */

/* Begin PBXProject section */
		744BF29F2047D848007FE23F /* Project object */ = {
			isa = PBXProject;
			attributes = {
				LastSwiftUpdateCheck = 0920;
				LastUpgradeCheck = 0920;
				ORGANIZATIONNAME = Chen;
				TargetAttributes = {
					744BF2A62047D848007FE23F = {
						CreatedOnToolsVersion = 9.2;
						ProvisioningStyle = Automatic;
					};
				};
			};
			buildConfigurationList = 744BF2A22047D848007FE23F /* Build configuration list for PBXProject "BaseA" */;
			compatibilityVersion = "Xcode 8.0";
			developmentRegion = en;
			hasScannedForEncodings = 0;
			knownRegions = (
				en,
				Base,
			);
			mainGroup = 744BF29E2047D848007FE23F;
			productRefGroup = 744BF2A82047D848007FE23F /* Products */;
			projectDirPath = "";
			projectRoot = "";
			targets = (
				744BF2A62047D848007FE23F /* BaseA */,
			);
		};
/* End PBXProject section */

/* Begin PBXResourcesBuildPhase section */
		744BF2A52047D848007FE23F /* Resources */ = {
			isa = PBXResourcesBuildPhase;
			buildActionMask = 2147483647;
			files = (
				744BF2B52047D848007FE23F /* LaunchScreen.storyboard in Resources */,
				744BF2B22047D848007FE23F /* Assets.xcassets in Resources */,
				744BF2B02047D848007FE23F /* Main.storyboard in Resources */,
			);
			runOnlyForDeploymentPostprocessing = 0;
		};
/* End PBXResourcesBuildPhase section */

/* Begin PBXSourcesBuildPhase section */
		744BF2A32047D848007FE23F /* Sources */ = {
			isa = PBXSourcesBuildPhase;
			buildActionMask = 2147483647;
			files = (
				744BF2AD2047D848007FE23F /* ViewController.swift in Sources */,
				744BF2BD2047D874007FE23F /* BaseA.swift in Sources */,
				744BF2AB2047D848007FE23F /* AppDelegate.swift in Sources */,
			);
			runOnlyForDeploymentPostprocessing = 0;
		};
/* End PBXSourcesBuildPhase section */

/* Begin PBXVariantGroup section */
		744BF2AE2047D848007FE23F /* Main.storyboard */ = {
			isa = PBXVariantGroup;
			children = (
				744BF2AF2047D848007FE23F /* Base */,
			);
			name = Main.storyboard;
			sourceTree = "<group>";
		};
		744BF2B32047D848007FE23F /* LaunchScreen.storyboard */ = {
			isa = PBXVariantGroup;
			children = (
				744BF2B42047D848007FE23F /* Base */,
			);
			name = LaunchScreen.storyboard;
			sourceTree = "<group>";
		};
/* End PBXVariantGroup section */

/* Begin XCBuildConfiguration section */
		744BF2B72047D848007FE23F /* Debug */ = {
			isa = XCBuildConfiguration;
			buildSettings = {
				ALWAYS_SEARCH_USER_PATHS = NO;
				CLANG_ANALYZER_NONNULL = YES;
				CLANG_ANALYZER_NUMBER_OBJECT_CONVERSION = YES_AGGRESSIVE;
				CLANG_CXX_LANGUAGE_STANDARD = "gnu++14";
				CLANG_CXX_LIBRARY = "libc++";
				CLANG_ENABLE_MODULES = YES;
				CLANG_ENABLE_OBJC_ARC = YES;
				CLANG_WARN_BLOCK_CAPTURE_AUTORELEASING = YES;
				CLANG_WARN_BOOL_CONVERSION = YES;
				CLANG_WARN_COMMA = YES;
				CLANG_WARN_CONSTANT_CONVERSION = YES;
				CLANG_WARN_DIRECT_OBJC_ISA_USAGE = YES_ERROR;
				CLANG_WARN_DOCUMENTATION_COMMENTS = YES;
				CLANG_WARN_EMPTY_BODY = YES;
				CLANG_WARN_ENUM_CONVERSION = YES;
				CLANG_WARN_INFINITE_RECURSION = YES;
				CLANG_WARN_INT_CONVERSION = YES;
				CLANG_WARN_NON_LITERAL_NULL_CONVERSION = YES;
				CLANG_WARN_OBJC_LITERAL_CONVERSION = YES;
				CLANG_WARN_OBJC_ROOT_CLASS = YES_ERROR;
				CLANG_WARN_RANGE_LOOP_ANALYSIS = YES;
				CLANG_WARN_STRICT_PROTOTYPES = YES;
				CLANG_WARN_SUSPICIOUS_MOVE = YES;
				CLANG_WARN_UNGUARDED_AVAILABILITY = YES_AGGRESSIVE;
				CLANG_WARN_UNREACHABLE_CODE = YES;
				CLANG_WARN__DUPLICATE_METHOD_MATCH = YES;
				CODE_SIGN_IDENTITY = "iPhone Developer";
				COPY_PHASE_STRIP = NO;
				DEBUG_INFORMATION_FORMAT = dwarf;
				ENABLE_STRICT_OBJC_MSGSEND = YES;
				ENABLE_TESTABILITY = YES;
				GCC_C_LANGUAGE_STANDARD = gnu11;
				GCC_DYNAMIC_NO_PIC = NO;
				GCC_NO_COMMON_BLOCKS = YES;
				GCC_OPTIMIZATION_LEVEL = 0;
				GCC_PREPROCESSOR_DEFINITIONS = (
					"DEBUG=1",
					"$(inherited)",
				);
				GCC_WARN_64_TO_32_BIT_CONVERSION = YES;
				GCC_WARN_ABOUT_RETURN_TYPE = YES_ERROR;
				GCC_WARN_UNDECLARED_SELECTOR = YES;
				GCC_WARN_UNINITIALIZED_AUTOS = YES_AGGRESSIVE;
				GCC_WARN_UNUSED_FUNCTION = YES;
				GCC_WARN_UNUSED_VARIABLE = YES;
				IPHONEOS_DEPLOYMENT_TARGET = 11.2;
				MTL_ENABLE_DEBUG_INFO = YES;
				ONLY_ACTIVE_ARCH = YES;
				SDKROOT = iphoneos;
				SWIFT_ACTIVE_COMPILATION_CONDITIONS = DEBUG;
				SWIFT_OPTIMIZATION_LEVEL = "-Onone";
			};
			name = Debug;
		};
		744BF2B82047D848007FE23F /* Release */ = {
			isa = XCBuildConfiguration;
			buildSettings = {
				ALWAYS_SEARCH_USER_PATHS = NO;
				CLANG_ANALYZER_NONNULL = YES;
				CLANG_ANALYZER_NUMBER_OBJECT_CONVERSION = YES_AGGRESSIVE;
				CLANG_CXX_LANGUAGE_STANDARD = "gnu++14";
				CLANG_CXX_LIBRARY = "libc++";
				CLANG_ENABLE_MODULES = YES;
				CLANG_ENABLE_OBJC_ARC = YES;
				CLANG_WARN_BLOCK_CAPTURE_AUTORELEASING = YES;
				CLANG_WARN_BOOL_CONVERSION = YES;
				CLANG_WARN_COMMA = YES;
				CLANG_WARN_CONSTANT_CONVERSION = YES;
				CLANG_WARN_DIRECT_OBJC_ISA_USAGE = YES_ERROR;
				CLANG_WARN_DOCUMENTATION_COMMENTS = YES;
				CLANG_WARN_EMPTY_BODY = YES;
				CLANG_WARN_ENUM_CONVERSION = YES;
				CLANG_WARN_INFINITE_RECURSION = YES;
				CLANG_WARN_INT_CONVERSION = YES;
				CLANG_WARN_NON_LITERAL_NULL_CONVERSION = YES;
				CLANG_WARN_OBJC_LITERAL_CONVERSION = YES;
				CLANG_WARN_OBJC_ROOT_CLASS = YES_ERROR;
				CLANG_WARN_RANGE_LOOP_ANALYSIS = YES;
				CLANG_WARN_STRICT_PROTOTYPES = YES;
				CLANG_WARN_SUSPICIOUS_MOVE = YES;
				CLANG_WARN_UNGUARDED_AVAILABILITY = YES_AGGRESSIVE;
				CLANG_WARN_UNREACHABLE_CODE = YES;
				CLANG_WARN__DUPLICATE_METHOD_MATCH = YES;
				CODE_SIGN_IDENTITY = "iPhone Developer";
				COPY_PHASE_STRIP = NO;
				DEBUG_INFORMATION_FORMAT = "dwarf-with-dsym";
				ENABLE_NS_ASSERTIONS = NO;
				ENABLE_STRICT_OBJC_MSGSEND = YES;
				GCC_C_LANGUAGE_STANDARD = gnu11;
				GCC_NO_COMMON_BLOCKS = YES;
				GCC_WARN_64_TO_32_BIT_CONVERSION = YES;
				GCC_WARN_ABOUT_RETURN_TYPE = YES_ERROR;
				GCC_WARN_UNDECLARED_SELECTOR = YES;
				GCC_WARN_UNINITIALIZED_AUTOS = YES_AGGRESSIVE;
				GCC_WARN_UNUSED_FUNCTION = YES;
				GCC_WARN_UNUSED_VARIABLE = YES;
				IPHONEOS_DEPLOYMENT_TARGET = 11.2;
				MTL_ENABLE_DEBUG_INFO = NO;
				SDKROOT = iphoneos;
				SWIFT_OPTIMIZATION_LEVEL = "-Owholemodule";
				VALIDATE_PRODUCT = YES;
			};
			name = Release;
		};
		744BF2BA2047D848007FE23F /* Debug */ = {
			isa = XCBuildConfiguration;
			buildSettings = {
				ASSETCATALOG_COMPILER_APPICON_NAME = AppIcon;
				CODE_SIGN_STYLE = Automatic;
				DEVELOPMENT_TEAM = G83C3X8UA9;
				INFOPLIST_FILE = BaseA/Info.plist;
				LD_RUNPATH_SEARCH_PATHS = "$(inherited) @executable_path/Frameworks";
				PRODUCT_BUNDLE_IDENTIFIER = cn.J0.BaseA;
				PRODUCT_NAME = "$(TARGET_NAME)";
				SWIFT_VERSION = 4.0;
				TARGETED_DEVICE_FAMILY = "1,2";
			};
			name = Debug;
		};
		744BF2BB2047D848007FE23F /* Release */ = {
			isa = XCBuildConfiguration;
			buildSettings = {
				ASSETCATALOG_COMPILER_APPICON_NAME = AppIcon;
				CODE_SIGN_STYLE = Automatic;
				DEVELOPMENT_TEAM = G83C3X8UA9;
				INFOPLIST_FILE = BaseA/Info.plist;
				LD_RUNPATH_SEARCH_PATHS = "$(inherited) @executable_path/Frameworks";
				PRODUCT_BUNDLE_IDENTIFIER = cn.J0.BaseA;
				PRODUCT_NAME = "$(TARGET_NAME)";
				SWIFT_VERSION = 4.0;
				TARGETED_DEVICE_FAMILY = "1,2";
			};
			name = Release;
		};
/* End XCBuildConfiguration section */

/* Begin XCConfigurationList section */
		744BF2A22047D848007FE23F /* Build configuration list for PBXProject "BaseA" */ = {
			isa = XCConfigurationList;
			buildConfigurations = (
				744BF2B72047D848007FE23F /* Debug */,
				744BF2B82047D848007FE23F /* Release */,
			);
			defaultConfigurationIsVisible = 0;
			defaultConfigurationName = Release;
		};
		744BF2B92047D848007FE23F /* Build configuration list for PBXNativeTarget "BaseA" */ = {
			isa = XCConfigurationList;
			buildConfigurations = (
				744BF2BA2047D848007FE23F /* Debug */,
				744BF2BB2047D848007FE23F /* Release */,
			);
			defaultConfigurationIsVisible = 0;
			defaultConfigurationName = Release;
		};
/* End XCConfigurationList section */
	};
	rootObject = 744BF29F2047D848007FE23F /* Project object */;
}
